
Microsoft Visual Studio Solution File, Format Version 12.00
# Visual Studio Version 17
VisualStudioVersion = 17.2.32602.215
MinimumVisualStudioVersion = 10.0.40219.1
Project("{9A19103F-16F7-4668-BE54-9A1E7A4F7556}") = "Kanbanize", "Kanbanize\Kanbanize.csproj", "{EDCD8E26-18EB-4394-B711-94F61E26FAF0}"
EndProject
Global
	GlobalSection(SolutionConfigurationPlatforms) = preSolution
		Debug|Any CPU = Debug|Any CPU
		Release|Any CPU = Release|Any CPU
	EndGlobalSection
	GlobalSection(ProjectConfigurationPlatforms) = postSolution
		{EDCD8E26-18EB-4394-B711-94F61E26FAF0}.Debug|Any CPU.ActiveCfg = Debug|Any CPU
		{EDCD8E26-18EB-4394-B711-94F61E26FAF0}.Debug|Any CPU.Build.0 = Debug|Any CPU
		{EDCD8E26-18EB-4394-B711-94F61E26FAF0}.Release|Any CPU.ActiveCfg = Release|Any CPU
		{EDCD8E26-18EB-4394-B711-94F61E26FAF0}.Release|Any CPU.Build.0 = Release|Any CPU
	EndGlobalSection
	GlobalSection(SolutionProperties) = preSolution
		HideSolutionNode = FALSE
	EndGlobalSection
	GlobalSection(ExtensibilityGlobals) = postSolution
		SolutionGuid = {673769B3-0627-4DCF-A7B7-037ECF8FC83F}
	EndGlobalSection
EndGlobal
